
Microsoft Visual Studio Solution File, Format Version 12.00
# Visual Studio Version 17
VisualStudioVersion = 17.9.34728.123
MinimumVisualStudioVersion = 10.0.40219.1
Project("{FAE04EC0-301F-11D3-BF4B-00C04F79EFBC}") = "SisVentas_BBB", "SisVentas_BBB\SisVentas_BBB.csproj", "{0098A488-FCB2-47B8-9156-8836236822D6}"
EndProject
Global
	GlobalSection(SolutionConfigurationPlatforms) = preSolution
		Debug|Any CPU = Debug|Any CPU
		Release|Any CPU = Release|Any CPU
	EndGlobalSection
	GlobalSection(ProjectConfigurationPlatforms) = postSolution
		{0098A488-FCB2-47B8-9156-8836236822D6}.Debug|Any CPU.ActiveCfg = Debug|Any CPU
		{0098A488-FCB2-47B8-9156-8836236822D6}.Debug|Any CPU.Build.0 = Debug|Any CPU
		{0098A488-FCB2-47B8-9156-8836236822D6}.Release|Any CPU.ActiveCfg = Release|Any CPU
		{0098A488-FCB2-47B8-9156-8836236822D6}.Release|Any CPU.Build.0 = Release|Any CPU
	EndGlobalSection
	GlobalSection(SolutionProperties) = preSolution
		HideSolutionNode = FALSE
	EndGlobalSection
	GlobalSection(ExtensibilityGlobals) = postSolution
		SolutionGuid = {A22E8F86-73DC-445C-BC3F-8746796C14B2}
	EndGlobalSection
EndGlobal
