
Microsoft Visual Studio Solution File, Format Version 12.00
# Visual Studio Version 17
VisualStudioVersion = 17.9.34728.123
MinimumVisualStudioVersion = 10.0.40219.1
Project("{FAE04EC0-301F-11D3-BF4B-00C04F79EFBC}") = "Plantilla_Admin_LTE", "Plantilla_Admin_LTE\Plantilla_Admin_LTE.csproj", "{1D043BA2-4CF8-455A-AFFF-764B2D371583}"
EndProject
Global
	GlobalSection(SolutionConfigurationPlatforms) = preSolution
		Debug|Any CPU = Debug|Any CPU
		Release|Any CPU = Release|Any CPU
	EndGlobalSection
	GlobalSection(ProjectConfigurationPlatforms) = postSolution
		{1D043BA2-4CF8-455A-AFFF-764B2D371583}.Debug|Any CPU.ActiveCfg = Debug|Any CPU
		{1D043BA2-4CF8-455A-AFFF-764B2D371583}.Debug|Any CPU.Build.0 = Debug|Any CPU
		{1D043BA2-4CF8-455A-AFFF-764B2D371583}.Release|Any CPU.ActiveCfg = Release|Any CPU
		{1D043BA2-4CF8-455A-AFFF-764B2D371583}.Release|Any CPU.Build.0 = Release|Any CPU
	EndGlobalSection
	GlobalSection(SolutionProperties) = preSolution
		HideSolutionNode = FALSE
	EndGlobalSection
	GlobalSection(ExtensibilityGlobals) = postSolution
		SolutionGuid = {8D86C2B2-6BA9-4F08-B4EA-815A632CED2F}
	EndGlobalSection
EndGlobal
